// !$*UTF8*$!
{
	archiveVersion = 1;
	classes = {
	};
	objectVersion = 50;
	objects = {

/* Begin PBXBuildFile section */
		CEDDDE1B2447882800CB9489 /* AppDelegate.swift in Sources */ = {isa = PBXBuildFile; fileRef = CEDDDE1A2447882800CB9489 /* AppDelegate.swift */; };
		CEDDDE1D2447882800CB9489 /* SceneDelegate.swift in Sources */ = {isa = PBXBuildFile; fileRef = CEDDDE1C2447882800CB9489 /* SceneDelegate.swift */; };
		CEDDDE1F2447882800CB9489 /* ViewController.swift in Sources */ = {isa = PBXBuildFile; fileRef = CEDDDE1E2447882800CB9489 /* ViewController.swift */; };
		CEDDDE222447882800CB9489 /* Main.storyboard in Resources */ = {isa = PBXBuildFile; fileRef = CEDDDE202447882800CB9489 /* Main.storyboard */; };
		CEDDDE252447882800CB9489 /* Food_recipes.xcdatamodeld in Sources */ = {isa = PBXBuildFile; fileRef = CEDDDE232447882800CB9489 /* Food_recipes.xcdatamodeld */; };
		CEDDDE272447883000CB9489 /* Assets.xcassets in Resources */ = {isa = PBXBuildFile; fileRef = CEDDDE262447883000CB9489 /* Assets.xcassets */; };
		CEDDDE2A2447883000CB9489 /* LaunchScreen.storyboard in Resources */ = {isa = PBXBuildFile; fileRef = CEDDDE282447883000CB9489 /* LaunchScreen.storyboard */; };
/* End PBXBuildFile section */

/* Begin PBXFileReference section */
		CEDDDE172447882800CB9489 /* Food-recipes.app */ = {isa = PBXFileReference; explicitFileType = wrapper.application; includeInIndex = 0; path = "Food-recipes.app"; sourceTree = BUILT_PRODUCTS_DIR; };
		CEDDDE1A2447882800CB9489 /* AppDelegate.swift */ = {isa = PBXFileReference; lastKnownFileType = sourcecode.swift; path = AppDelegate.swift; sourceTree = "<group>"; };
		CEDDDE1C2447882800CB9489 /* SceneDelegate.swift */ = {isa = PBXFileReference; lastKnownFileType = sourcecode.swift; path = SceneDelegate.swift; sourceTree = "<group>"; };
		CEDDDE1E2447882800CB9489 /* ViewController.swift */ = {isa = PBXFileReference; lastKnownFileType = sourcecode.swift; path = ViewController.swift; sourceTree = "<group>"; };
		CEDDDE212447882800CB9489 /* Base */ = {isa = PBXFileReference; lastKnownFileType = file.storyboard; name = Base; path = Base.lproj/Main.storyboard; sourceTree = "<group>"; };
		CEDDDE242447882800CB9489 /* Food_recipes.xcdatamodel */ = {isa = PBXFileReference; lastKnownFileType = wrapper.xcdatamodel; path = Food_recipes.xcdatamodel; sourceTree = "<group>"; };
		CEDDDE262447883000CB9489 /* Assets.xcassets */ = {isa = PBXFileReference; lastKnownFileType = folder.assetcatalog; path = Assets.xcassets; sourceTree = "<group>"; };
		CEDDDE292447883000CB9489 /* Base */ = {isa = PBXFileReference; lastKnownFileType = file.storyboard; name = Base; path = Base.lproj/LaunchScreen.storyboard; sourceTree = "<group>"; };
		CEDDDE2B2447883000CB9489 /* Info.plist */ = {isa = PBXFileReference; lastKnownFileType = text.plist.xml; path = Info.plist; sourceTree = "<group>"; };
/* End PBXFileReference section */

/* Begin PBXFrameworksBuildPhase section */
		CEDDDE142447882800CB9489 /* Frameworks */ = {
			isa = PBXFrameworksBuildPhase;
			buildActionMask = 2147483647;
			files = (
			);
			runOnlyForDeploymentPostprocessing = 0;
		};
/* End PBXFrameworksBuildPhase section */

/* Begin PBXGroup section */
		CEDDDE0E2447882700CB9489 = {
			isa = PBXGroup;
			children = (
				CEDDDE192447882800CB9489 /* Food-recipes */,
				CEDDDE182447882800CB9489 /* Products */,
			);
			sourceTree = "<group>";
		};
		CEDDDE182447882800CB9489 /* Products */ = {
			isa = PBXGroup;
			children = (
				CEDDDE172447882800CB9489 /* Food-recipes.app */,
			);
			name = Products;
			sourceTree = "<group>";
		};
		CEDDDE192447882800CB9489 /* Food-recipes */ = {
			isa = PBXGroup;
			children = (
				CEDDDE1A2447882800CB9489 /* AppDelegate.swift */,
				CEDDDE1C2447882800CB9489 /* SceneDelegate.swift */,
				CEDDDE1E2447882800CB9489 /* ViewController.swift */,
				CEDDDE202447882800CB9489 /* Main.storyboard */,
				CEDDDE262447883000CB9489 /* Assets.xcassets */,
				CEDDDE282447883000CB9489 /* LaunchScreen.storyboard */,
				CEDDDE2B2447883000CB9489 /* Info.plist */,
				CEDDDE232447882800CB9489 /* Food_recipes.xcdatamodeld */,
			);
			path = "Food-recipes";
			sourceTree = "<group>";
		};
/* End PBXGroup section */

/* Begin PBXNativeTarget section */
		CEDDDE162447882800CB9489 /* Food-recipes */ = {
			isa = PBXNativeTarget;
			buildConfigurationList = CEDDDE2E2447883000CB9489 /* Build configuration list for PBXNativeTarget "Food-recipes" */;
			buildPhases = (
				CEDDDE132447882800CB9489 /* Sources */,
				CEDDDE142447882800CB9489 /* Frameworks */,
				CEDDDE152447882800CB9489 /* Resources */,
			);
			buildRules = (
			);
			dependencies = (
			);
			name = "Food-recipes";
			productName = "Food-recipes";
			productReference = CEDDDE172447882800CB9489 /* Food-recipes.app */;
			productType = "com.apple.product-type.application";
		};
/* End PBXNativeTarget section */

/* Begin PBXProject section */
		CEDDDE0F2447882700CB9489 /* Project object */ = {
			isa = PBXProject;
			attributes = {
				LastSwiftUpdateCheck = 1140;
				LastUpgradeCheck = 1140;
				ORGANIZATIONNAME = "Alexey Taran";
				TargetAttributes = {
					CEDDDE162447882800CB9489 = {
						CreatedOnToolsVersion = 11.4;
					};
				};
			};
			buildConfigurationList = CEDDDE122447882700CB9489 /* Build configuration list for PBXProject "Food-recipes" */;
			compatibilityVersion = "Xcode 9.3";
			developmentRegion = en;
			hasScannedForEncodings = 0;
			knownRegions = (
				en,
				Base,
			);
			mainGroup = CEDDDE0E2447882700CB9489;
			productRefGroup = CEDDDE182447882800CB9489 /* Products */;
			projectDirPath = "";
			projectRoot = "";
			targets = (
				CEDDDE162447882800CB9489 /* Food-recipes */,
			);
		};
/* End PBXProject section */

/* Begin PBXResourcesBuildPhase section */
		CEDDDE152447882800CB9489 /* Resources */ = {
			isa = PBXResourcesBuildPhase;
			buildActionMask = 2147483647;
			files = (
				CEDDDE2A2447883000CB9489 /* LaunchScreen.storyboard in Resources */,
				CEDDDE272447883000CB9489 /* Assets.xcassets in Resources */,
				CEDDDE222447882800CB9489 /* Main.storyboard in Resources */,
			);
			runOnlyForDeploymentPostprocessing = 0;
		};
/* End PBXResourcesBuildPhase section */

/* Begin PBXSourcesBuildPhase section */
		CEDDDE132447882800CB9489 /* Sources */ = {
			isa = PBXSourcesBuildPhase;
			buildActionMask = 2147483647;
			files = (
				CEDDDE1F2447882800CB9489 /* ViewController.swift in Sources */,
				CEDDDE1B2447882800CB9489 /* AppDelegate.swift in Sources */,
				CEDDDE1D2447882800CB9489 /* SceneDelegate.swift in Sources */,
				CEDDDE252447882800CB9489 /* Food_recipes.xcdatamodeld in Sources */,
			);
			runOnlyForDeploymentPostprocessing = 0;
		};
/* End PBXSourcesBuildPhase section */

/* Begin PBXVariantGroup section */
		CEDDDE202447882800CB9489 /* Main.storyboard */ = {
			isa = PBXVariantGroup;
			children = (
				CEDDDE212447882800CB9489 /* Base */,
			);
			name = Main.storyboard;
			sourceTree = "<group>";
		};
		CEDDDE282447883000CB9489 /* LaunchScreen.storyboard */ = {
			isa = PBXVariantGroup;
			children = (
				CEDDDE292447883000CB9489 /* Base */,
			);
			name = LaunchScreen.storyboard;
			sourceTree = "<group>";
		};
/* End PBXVariantGroup section */

/* Begin XCBuildConfiguration section */
		CEDDDE2C2447883000CB9489 /* Debug */ = {
			isa = XCBuildConfiguration;
			buildSettings = {
				ALWAYS_SEARCH_USER_PATHS = NO;
				CLANG_ANALYZER_NONNULL = YES;
				CLANG_ANALYZER_NUMBER_OBJECT_CONVERSION = YES_AGGRESSIVE;
				CLANG_CXX_LANGUAGE_STANDARD = "gnu++14";
				CLANG_CXX_LIBRARY = "libc++";
				CLANG_ENABLE_MODULES = YES;
				CLANG_ENABLE_OBJC_ARC = YES;
				CLANG_ENABLE_OBJC_WEAK = YES;
				CLANG_WARN_BLOCK_CAPTURE_AUTORELEASING = YES;
				CLANG_WARN_BOOL_CONVERSION = YES;
				CLANG_WARN_COMMA = YES;
				CLANG_WARN_CONSTANT_CONVERSION = YES;
				CLANG_WARN_DEPRECATED_OBJC_IMPLEMENTATIONS = YES;
				CLANG_WARN_DIRECT_OBJC_ISA_USAGE = YES_ERROR;
				CLANG_WARN_DOCUMENTATION_COMMENTS = YES;
				CLANG_WARN_EMPTY_BODY = YES;
				CLANG_WARN_ENUM_CONVERSION = YES;
				CLANG_WARN_INFINITE_RECURSION = YES;
				CLANG_WARN_INT_CONVERSION = YES;
				CLANG_WARN_NON_LITERAL_NULL_CONVERSION = YES;
				CLANG_WARN_OBJC_IMPLICIT_RETAIN_SELF = YES;
				CLANG_WARN_OBJC_LITERAL_CONVERSION = YES;
				CLANG_WARN_OBJC_ROOT_CLASS = YES_ERROR;
				CLANG_WARN_RANGE_LOOP_ANALYSIS = YES;
				CLANG_WARN_STRICT_PROTOTYPES = YES;
				CLANG_WARN_SUSPICIOUS_MOVE = YES;
				CLANG_WARN_UNGUARDED_AVAILABILITY = YES_AGGRESSIVE;
				CLANG_WARN_UNREACHABLE_CODE = YES;
				CLANG_WARN__DUPLICATE_METHOD_MATCH = YES;
				COPY_PHASE_STRIP = NO;
				DEBUG_INFORMATION_FORMAT = dwarf;
				ENABLE_STRICT_OBJC_MSGSEND = YES;
				ENABLE_TESTABILITY = YES;
				GCC_C_LANGUAGE_STANDARD = gnu11;
				GCC_DYNAMIC_NO_PIC = NO;
				GCC_NO_COMMON_BLOCKS = YES;
				GCC_OPTIMIZATION_LEVEL = 0;
				GCC_PREPROCESSOR_DEFINITIONS = (
					"DEBUG=1",
					"$(inherited)",
				);
				GCC_WARN_64_TO_32_BIT_CONVERSION = YES;
				GCC_WARN_ABOUT_RETURN_TYPE = YES_ERROR;
				GCC_WARN_UNDECLARED_SELECTOR = YES;
				GCC_WARN_UNINITIALIZED_AUTOS = YES_AGGRESSIVE;
				GCC_WARN_UNUSED_FUNCTION = YES;
				GCC_WARN_UNUSED_VARIABLE = YES;
				IPHONEOS_DEPLOYMENT_TARGET = 13.4;
				MTL_ENABLE_DEBUG_INFO = INCLUDE_SOURCE;
				MTL_FAST_MATH = YES;
				ONLY_ACTIVE_ARCH = YES;
				SDKROOT = iphoneos;
				SWIFT_ACTIVE_COMPILATION_CONDITIONS = DEBUG;
				SWIFT_OPTIMIZATION_LEVEL = "-Onone";
			};
			name = Debug;
		};
		CEDDDE2D2447883000CB9489 /* Release */ = {
			isa = XCBuildConfiguration;
			buildSettings = {
				ALWAYS_SEARCH_USER_PATHS = NO;
				CLANG_ANALYZER_NONNULL = YES;
				CLANG_ANALYZER_NUMBER_OBJECT_CONVERSION = YES_AGGRESSIVE;
				CLANG_CXX_LANGUAGE_STANDARD = "gnu++14";
				CLANG_CXX_LIBRARY = "libc++";
				CLANG_ENABLE_MODULES = YES;
				CLANG_ENABLE_OBJC_ARC = YES;
				CLANG_ENABLE_OBJC_WEAK = YES;
				CLANG_WARN_BLOCK_CAPTURE_AUTORELEASING = YES;
				CLANG_WARN_BOOL_CONVERSION = YES;
				CLANG_WARN_COMMA = YES;
				CLANG_WARN_CONSTANT_CONVERSION = YES;
				CLANG_WARN_DEPRECATED_OBJC_IMPLEMENTATIONS = YES;
				CLANG_WARN_DIRECT_OBJC_ISA_USAGE = YES_ERROR;
				CLANG_WARN_DOCUMENTATION_COMMENTS = YES;
				CLANG_WARN_EMPTY_BODY = YES;
				CLANG_WARN_ENUM_CONVERSION = YES;
				CLANG_WARN_INFINITE_RECURSION = YES;
				CLANG_WARN_INT_CONVERSION = YES;
				CLANG_WARN_NON_LITERAL_NULL_CONVERSION = YES;
				CLANG_WARN_OBJC_IMPLICIT_RETAIN_SELF = YES;
				CLANG_WARN_OBJC_LITERAL_CONVERSION = YES;
				CLANG_WARN_OBJC_ROOT_CLASS = YES_ERROR;
				CLANG_WARN_RANGE_LOOP_ANALYSIS = YES;
				CLANG_WARN_STRICT_PROTOTYPES = YES;
				CLANG_WARN_SUSPICIOUS_MOVE = YES;
				CLANG_WARN_UNGUARDED_AVAILABILITY = YES_AGGRESSIVE;
				CLANG_WARN_UNREACHABLE_CODE = YES;
				CLANG_WARN__DUPLICATE_METHOD_MATCH = YES;
				COPY_PHASE_STRIP = NO;
				DEBUG_INFORMATION_FORMAT = "dwarf-with-dsym";
				ENABLE_NS_ASSERTIONS = NO;
				ENABLE_STRICT_OBJC_MSGSEND = YES;
				GCC_C_LANGUAGE_STANDARD = gnu11;
				GCC_NO_COMMON_BLOCKS = YES;
				GCC_WARN_64_TO_32_BIT_CONVERSION = YES;
				GCC_WARN_ABOUT_RETURN_TYPE = YES_ERROR;
				GCC_WARN_UNDECLARED_SELECTOR = YES;
				GCC_WARN_UNINITIALIZED_AUTOS = YES_AGGRESSIVE;
				GCC_WARN_UNUSED_FUNCTION = YES;
				GCC_WARN_UNUSED_VARIABLE = YES;
				IPHONEOS_DEPLOYMENT_TARGET = 13.4;
				MTL_ENABLE_DEBUG_INFO = NO;
				MTL_FAST_MATH = YES;
				SDKROOT = iphoneos;
				SWIFT_COMPILATION_MODE = wholemodule;
				SWIFT_OPTIMIZATION_LEVEL = "-O";
				VALIDATE_PRODUCT = YES;
			};
			name = Release;
		};
		CEDDDE2F2447883000CB9489 /* Debug */ = {
			isa = XCBuildConfiguration;
			buildSettings = {
				ASSETCATALOG_COMPILER_APPICON_NAME = AppIcon;
				CODE_SIGN_STYLE = Automatic;
				INFOPLIST_FILE = "Food-recipes/Info.plist";
				LD_RUNPATH_SEARCH_PATHS = (
					"$(inherited)",
					"@executable_path/Frameworks",
				);
				PRODUCT_BUNDLE_IDENTIFIER = "Alexey-Taran.Food-recipes";
				PRODUCT_NAME = "$(TARGET_NAME)";
				SWIFT_VERSION = 5.0;
				TARGETED_DEVICE_FAMILY = "1,2";
			};
			name = Debug;
		};
		CEDDDE302447883000CB9489 /* Release */ = {
			isa = XCBuildConfiguration;
			buildSettings = {
				ASSETCATALOG_COMPILER_APPICON_NAME = AppIcon;
				CODE_SIGN_STYLE = Automatic;
				INFOPLIST_FILE = "Food-recipes/Info.plist";
				LD_RUNPATH_SEARCH_PATHS = (
					"$(inherited)",
					"@executable_path/Frameworks",
				);
				PRODUCT_BUNDLE_IDENTIFIER = "Alexey-Taran.Food-recipes";
				PRODUCT_NAME = "$(TARGET_NAME)";
				SWIFT_VERSION = 5.0;
				TARGETED_DEVICE_FAMILY = "1,2";
			};
			name = Release;
		};
/* End XCBuildConfiguration section */

/* Begin XCConfigurationList section */
		CEDDDE122447882700CB9489 /* Build configuration list for PBXProject "Food-recipes" */ = {
			isa = XCConfigurationList;
			buildConfigurations = (
				CEDDDE2C2447883000CB9489 /* Debug */,
				CEDDDE2D2447883000CB9489 /* Release */,
			);
			defaultConfigurationIsVisible = 0;
			defaultConfigurationName = Release;
		};
		CEDDDE2E2447883000CB9489 /* Build configuration list for PBXNativeTarget "Food-recipes" */ = {
			isa = XCConfigurationList;
			buildConfigurations = (
				CEDDDE2F2447883000CB9489 /* Debug */,
				CEDDDE302447883000CB9489 /* Release */,
			);
			defaultConfigurationIsVisible = 0;
			defaultConfigurationName = Release;
		};
/* End XCConfigurationList section */

/* Begin XCVersionGroup section */
		CEDDDE232447882800CB9489 /* Food_recipes.xcdatamodeld */ = {
			isa = XCVersionGroup;
			children = (
				CEDDDE242447882800CB9489 /* Food_recipes.xcdatamodel */,
			);
			currentVersion = CEDDDE242447882800CB9489 /* Food_recipes.xcdatamodel */;
			path = Food_recipes.xcdatamodeld;
			sourceTree = "<group>";
			versionGroupType = wrapper.xcdatamodel;
		};
/* End XCVersionGroup section */
	};
	rootObject = CEDDDE0F2447882700CB9489 /* Project object */;
}
